
Microsoft Visual Studio Solution File, Format Version 12.00
# Visual Studio Version 16
VisualStudioVersion = 16.0.31019.35
MinimumVisualStudioVersion = 10.0.40219.1
Project("{FAE04EC0-301F-11D3-BF4B-00C04F79EFBC}") = "Store.Android", "Store\Store.Android\Store.Android.csproj", "{86C65562-ED9A-4C48-806A-E082FD3E7A09}"
EndProject
Project("{FAE04EC0-301F-11D3-BF4B-00C04F79EFBC}") = "Store", "Store\Store\Store.csproj", "{3431A043-43AD-43C5-8159-52D9841395A8}"
EndProject
Global
	GlobalSection(SolutionConfigurationPlatforms) = preSolution
		Debug|Any CPU = Debug|Any CPU
		Release|Any CPU = Release|Any CPU
	EndGlobalSection
	GlobalSection(ProjectConfigurationPlatforms) = postSolution
		{86C65562-ED9A-4C48-806A-E082FD3E7A09}.Debug|Any CPU.ActiveCfg = Debug|Any CPU
		{86C65562-ED9A-4C48-806A-E082FD3E7A09}.Debug|Any CPU.Build.0 = Debug|Any CPU
		{86C65562-ED9A-4C48-806A-E082FD3E7A09}.Debug|Any CPU.Deploy.0 = Debug|Any CPU
		{86C65562-ED9A-4C48-806A-E082FD3E7A09}.Release|Any CPU.ActiveCfg = Release|Any CPU
		{86C65562-ED9A-4C48-806A-E082FD3E7A09}.Release|Any CPU.Build.0 = Release|Any CPU
		{86C65562-ED9A-4C48-806A-E082FD3E7A09}.Release|Any CPU.Deploy.0 = Release|Any CPU
		{3431A043-43AD-43C5-8159-52D9841395A8}.Debug|Any CPU.ActiveCfg = Debug|Any CPU
		{3431A043-43AD-43C5-8159-52D9841395A8}.Debug|Any CPU.Build.0 = Debug|Any CPU
		{3431A043-43AD-43C5-8159-52D9841395A8}.Debug|Any CPU.Deploy.0 = Debug|Any CPU
		{3431A043-43AD-43C5-8159-52D9841395A8}.Release|Any CPU.ActiveCfg = Release|Any CPU
		{3431A043-43AD-43C5-8159-52D9841395A8}.Release|Any CPU.Build.0 = Release|Any CPU
		{3431A043-43AD-43C5-8159-52D9841395A8}.Release|Any CPU.Deploy.0 = Release|Any CPU
	EndGlobalSection
	GlobalSection(SolutionProperties) = preSolution
		HideSolutionNode = FALSE
	EndGlobalSection
	GlobalSection(ExtensibilityGlobals) = postSolution
		SolutionGuid = {3F359905-A8BD-4347-9E33-6C9036B5D349}
	EndGlobalSection
EndGlobal
